// !$*UTF8*$!
{
	archiveVersion = 1;
	classes = {
	};
	objectVersion = 46;
	objects = {

/* Begin PBXBuildFile section */
		8F0149021D5332D200466851 /* PictureDownloadWorker.swift in Sources */ = {isa = PBXBuildFile; fileRef = 8F0149011D5332D200466851 /* PictureDownloadWorker.swift */; };
		8F0149041D53335300466851 /* PictureDownloadWorkerTests.swift in Sources */ = {isa = PBXBuildFile; fileRef = 8F0149031D53335300466851 /* PictureDownloadWorkerTests.swift */; };
		8F1CD6511D488661000AEF2F /* RandomDateGenerator.swift in Sources */ = {isa = PBXBuildFile; fileRef = 8F1CD6501D488661000AEF2F /* RandomDateGenerator.swift */; };
		8F1CD6531D4886B7000AEF2F /* RandomDateGeneratorTests.swift in Sources */ = {isa = PBXBuildFile; fileRef = 8F1CD6521D4886B7000AEF2F /* RandomDateGeneratorTests.swift */; };
		8F4387491D38D2EB00E21C3F /* DataToApodDataConverter.swift in Sources */ = {isa = PBXBuildFile; fileRef = 8F4387481D38D2EB00E21C3F /* DataToApodDataConverter.swift */; };
		8F43874D1D39E24100E21C3F /* JsonToApodConvertorTests.swift in Sources */ = {isa = PBXBuildFile; fileRef = 8F43874C1D39E24100E21C3F /* JsonToApodConvertorTests.swift */; };
		8F43874F1D39E69800E21C3F /* JSonToApodConvertor.swift in Sources */ = {isa = PBXBuildFile; fileRef = 8F43874E1D39E69800E21C3F /* JSonToApodConvertor.swift */; };
		8F766AAC1D39FE020024442F /* ApodDateConvertor.swift in Sources */ = {isa = PBXBuildFile; fileRef = 8F766AAB1D39FE020024442F /* ApodDateConvertor.swift */; };
		8F766AAE1D39FE1B0024442F /* ApodDateConvertorTests.swift in Sources */ = {isa = PBXBuildFile; fileRef = 8F766AAD1D39FE1B0024442F /* ApodDateConvertorTests.swift */; };
		8F941DD81D363A9E00C56ACE /* AppDelegate.swift in Sources */ = {isa = PBXBuildFile; fileRef = 8F941DD71D363A9E00C56ACE /* AppDelegate.swift */; };
		8F941DDD1D363A9E00C56ACE /* Main.storyboard in Resources */ = {isa = PBXBuildFile; fileRef = 8F941DDB1D363A9E00C56ACE /* Main.storyboard */; };
		8F941DE01D363A9E00C56ACE /* spaceApp.xcdatamodeld in Sources */ = {isa = PBXBuildFile; fileRef = 8F941DDE1D363A9E00C56ACE /* spaceApp.xcdatamodeld */; };
		8F941DE21D363A9E00C56ACE /* Assets.xcassets in Resources */ = {isa = PBXBuildFile; fileRef = 8F941DE11D363A9E00C56ACE /* Assets.xcassets */; };
		8F941DE51D363A9E00C56ACE /* LaunchScreen.storyboard in Resources */ = {isa = PBXBuildFile; fileRef = 8F941DE31D363A9E00C56ACE /* LaunchScreen.storyboard */; };
		8F941DFB1D363A9E00C56ACE /* spaceAppUITests.swift in Sources */ = {isa = PBXBuildFile; fileRef = 8F941DFA1D363A9E00C56ACE /* spaceAppUITests.swift */; };
		8F941E0D1D3739F800C56ACE /* ApodStore.swift in Sources */ = {isa = PBXBuildFile; fileRef = 8F941E0C1D3739F800C56ACE /* ApodStore.swift */; };
		8F941E111D373DBD00C56ACE /* NetworkTool.swift in Sources */ = {isa = PBXBuildFile; fileRef = 8F941E101D373DBD00C56ACE /* NetworkTool.swift */; };
		8F941E131D373E4100C56ACE /* AlamofireTool.swift in Sources */ = {isa = PBXBuildFile; fileRef = 8F941E121D373E4100C56ACE /* AlamofireTool.swift */; };
		8F941E151D3742C400C56ACE /* ApodData.swift in Sources */ = {isa = PBXBuildFile; fileRef = 8F941E141D3742C400C56ACE /* ApodData.swift */; };
		8F941E171D3743F300C56ACE /* NetworkApodStore.swift in Sources */ = {isa = PBXBuildFile; fileRef = 8F941E161D3743F300C56ACE /* NetworkApodStore.swift */; };
		8F941E191D37486300C56ACE /* NetworkApodStoreTests.swift in Sources */ = {isa = PBXBuildFile; fileRef = 8F941E181D37486300C56ACE /* NetworkApodStoreTests.swift */; };
		8F9D06B31D4E9968003C7127 /* AlamofirePictureDownloader.swift in Sources */ = {isa = PBXBuildFile; fileRef = 8F9D06B21D4E9968003C7127 /* AlamofirePictureDownloader.swift */; };
		8F9D06B51D4EB8F5003C7127 /* PictureDownloader.swift in Sources */ = {isa = PBXBuildFile; fileRef = 8F9D06B41D4EB8F5003C7127 /* PictureDownloader.swift */; };
		8FB2948E1D3B29B400E6C7A3 /* ApodConfigurator.swift in Sources */ = {isa = PBXBuildFile; fileRef = 8FB294871D3B29B400E6C7A3 /* ApodConfigurator.swift */; };
		8FB2948F1D3B29B400E6C7A3 /* ApodInteractor.swift in Sources */ = {isa = PBXBuildFile; fileRef = 8FB294881D3B29B400E6C7A3 /* ApodInteractor.swift */; };
		8FB294901D3B29B400E6C7A3 /* ApodModels.swift in Sources */ = {isa = PBXBuildFile; fileRef = 8FB294891D3B29B400E6C7A3 /* ApodModels.swift */; };
		8FB294911D3B29B400E6C7A3 /* ApodPresenter.swift in Sources */ = {isa = PBXBuildFile; fileRef = 8FB2948A1D3B29B400E6C7A3 /* ApodPresenter.swift */; };
		8FB294921D3B29B400E6C7A3 /* ApodRouter.swift in Sources */ = {isa = PBXBuildFile; fileRef = 8FB2948B1D3B29B400E6C7A3 /* ApodRouter.swift */; };
		8FB294931D3B29B400E6C7A3 /* ApodViewController.swift in Sources */ = {isa = PBXBuildFile; fileRef = 8FB2948C1D3B29B400E6C7A3 /* ApodViewController.swift */; };
		8FB294941D3B29B400E6C7A3 /* ApodWorker.swift in Sources */ = {isa = PBXBuildFile; fileRef = 8FB2948D1D3B29B400E6C7A3 /* ApodWorker.swift */; };
		8FB2949A1D3B29EE00E6C7A3 /* ApodInteractorTests.swift in Sources */ = {isa = PBXBuildFile; fileRef = 8FB294961D3B29EE00E6C7A3 /* ApodInteractorTests.swift */; };
		8FB2949B1D3B29EE00E6C7A3 /* ApodPresenterTests.swift in Sources */ = {isa = PBXBuildFile; fileRef = 8FB294971D3B29EE00E6C7A3 /* ApodPresenterTests.swift */; };
		8FB2949C1D3B29EE00E6C7A3 /* ApodViewControllerTests.swift in Sources */ = {isa = PBXBuildFile; fileRef = 8FB294981D3B29EE00E6C7A3 /* ApodViewControllerTests.swift */; };
		8FB2949D1D3B29EE00E6C7A3 /* ApodWorkerTests.swift in Sources */ = {isa = PBXBuildFile; fileRef = 8FB294991D3B29EE00E6C7A3 /* ApodWorkerTests.swift */; };
		8FD5D2B11D3B755B007A5F3D /* ApodInitializer.swift in Sources */ = {isa = PBXBuildFile; fileRef = 8FD5D2B01D3B755B007A5F3D /* ApodInitializer.swift */; };
		8FD5D2B51D3B7701007A5F3D /* Initializer.swift in Sources */ = {isa = PBXBuildFile; fileRef = 8FD5D2B41D3B7701007A5F3D /* Initializer.swift */; };
		CBD0D5BC1DA7986200C2D353 /* Alamofire.framework in Frameworks */ = {isa = PBXBuildFile; fileRef = CBD0D5BB1DA7986200C2D353 /* Alamofire.framework */; };
		CBD0D5BD1DA7986200C2D353 /* Alamofire.framework in Embed Frameworks */ = {isa = PBXBuildFile; fileRef = CBD0D5BB1DA7986200C2D353 /* Alamofire.framework */; settings = {ATTRIBUTES = (CodeSignOnCopy, RemoveHeadersOnCopy, ); }; };
		CBDEEF5B1DACDE4800F8B438 /* Alamofire.framework in Frameworks */ = {isa = PBXBuildFile; fileRef = CBDEEF591DACD66A00F8B438 /* Alamofire.framework */; settings = {ATTRIBUTES = (Required, ); }; };
/* End PBXBuildFile section */

/* Begin PBXContainerItemProxy section */
		8F941DEC1D363A9E00C56ACE /* PBXContainerItemProxy */ = {
			isa = PBXContainerItemProxy;
			containerPortal = 8F941DCC1D363A9E00C56ACE /* Project object */;
			proxyType = 1;
			remoteGlobalIDString = 8F941DD31D363A9E00C56ACE;
			remoteInfo = spaceApp;
		};
		8F941DF71D363A9E00C56ACE /* PBXContainerItemProxy */ = {
			isa = PBXContainerItemProxy;
			containerPortal = 8F941DCC1D363A9E00C56ACE /* Project object */;
			proxyType = 1;
			remoteGlobalIDString = 8F941DD31D363A9E00C56ACE;
			remoteInfo = spaceApp;
		};
/* End PBXContainerItemProxy section */

/* Begin PBXCopyFilesBuildPhase section */
		CBD0D5BE1DA7986300C2D353 /* Embed Frameworks */ = {
			isa = PBXCopyFilesBuildPhase;
			buildActionMask = 2147483647;
			dstPath = "";
			dstSubfolderSpec = 10;
			files = (
				CBD0D5BD1DA7986200C2D353 /* Alamofire.framework in Embed Frameworks */,
			);
			name = "Embed Frameworks";
			runOnlyForDeploymentPostprocessing = 0;
		};
/* End PBXCopyFilesBuildPhase section */

/* Begin PBXFileReference section */
		8F0149011D5332D200466851 /* PictureDownloadWorker.swift */ = {isa = PBXFileReference; fileEncoding = 4; lastKnownFileType = sourcecode.swift; path = PictureDownloadWorker.swift; sourceTree = "<group>"; };
		8F0149031D53335300466851 /* PictureDownloadWorkerTests.swift */ = {isa = PBXFileReference; fileEncoding = 4; lastKnownFileType = sourcecode.swift; path = PictureDownloadWorkerTests.swift; sourceTree = "<group>"; };
		8F1CD6501D488661000AEF2F /* RandomDateGenerator.swift */ = {isa = PBXFileReference; fileEncoding = 4; lastKnownFileType = sourcecode.swift; path = RandomDateGenerator.swift; sourceTree = "<group>"; };
		8F1CD6521D4886B7000AEF2F /* RandomDateGeneratorTests.swift */ = {isa = PBXFileReference; fileEncoding = 4; lastKnownFileType = sourcecode.swift; path = RandomDateGeneratorTests.swift; sourceTree = "<group>"; };
		8F4387481D38D2EB00E21C3F /* DataToApodDataConverter.swift */ = {isa = PBXFileReference; fileEncoding = 4; lastKnownFileType = sourcecode.swift; path = DataToApodDataConverter.swift; sourceTree = "<group>"; };
		8F43874C1D39E24100E21C3F /* JsonToApodConvertorTests.swift */ = {isa = PBXFileReference; fileEncoding = 4; lastKnownFileType = sourcecode.swift; path = JsonToApodConvertorTests.swift; sourceTree = "<group>"; };
		8F43874E1D39E69800E21C3F /* JSonToApodConvertor.swift */ = {isa = PBXFileReference; fileEncoding = 4; lastKnownFileType = sourcecode.swift; path = JSonToApodConvertor.swift; sourceTree = "<group>"; };
		8F766AAB1D39FE020024442F /* ApodDateConvertor.swift */ = {isa = PBXFileReference; fileEncoding = 4; lastKnownFileType = sourcecode.swift; path = ApodDateConvertor.swift; sourceTree = "<group>"; };
		8F766AAD1D39FE1B0024442F /* ApodDateConvertorTests.swift */ = {isa = PBXFileReference; fileEncoding = 4; lastKnownFileType = sourcecode.swift; path = ApodDateConvertorTests.swift; sourceTree = "<group>"; };
		8F941DD41D363A9E00C56ACE /* spaceApp.app */ = {isa = PBXFileReference; explicitFileType = wrapper.application; includeInIndex = 0; path = spaceApp.app; sourceTree = BUILT_PRODUCTS_DIR; };
		8F941DD71D363A9E00C56ACE /* AppDelegate.swift */ = {isa = PBXFileReference; lastKnownFileType = sourcecode.swift; path = AppDelegate.swift; sourceTree = "<group>"; };
		8F941DDC1D363A9E00C56ACE /* Base */ = {isa = PBXFileReference; lastKnownFileType = file.storyboard; name = Base; path = Base.lproj/Main.storyboard; sourceTree = "<group>"; };
		8F941DDF1D363A9E00C56ACE /* spaceApp.xcdatamodel */ = {isa = PBXFileReference; lastKnownFileType = wrapper.xcdatamodel; path = spaceApp.xcdatamodel; sourceTree = "<group>"; };
		8F941DE11D363A9E00C56ACE /* Assets.xcassets */ = {isa = PBXFileReference; lastKnownFileType = folder.assetcatalog; path = Assets.xcassets; sourceTree = "<group>"; };
		8F941DE41D363A9E00C56ACE /* Base */ = {isa = PBXFileReference; lastKnownFileType = file.storyboard; name = Base; path = Base.lproj/LaunchScreen.storyboard; sourceTree = "<group>"; };
		8F941DE61D363A9E00C56ACE /* Info.plist */ = {isa = PBXFileReference; lastKnownFileType = text.plist.xml; path = Info.plist; sourceTree = "<group>"; };
		8F941DEB1D363A9E00C56ACE /* spaceAppTests.xctest */ = {isa = PBXFileReference; explicitFileType = wrapper.cfbundle; includeInIndex = 0; path = spaceAppTests.xctest; sourceTree = BUILT_PRODUCTS_DIR; };
		8F941DF11D363A9E00C56ACE /* Info.plist */ = {isa = PBXFileReference; lastKnownFileType = text.plist.xml; path = Info.plist; sourceTree = "<group>"; };
		8F941DF61D363A9E00C56ACE /* spaceAppUITests.xctest */ = {isa = PBXFileReference; explicitFileType = wrapper.cfbundle; includeInIndex = 0; path = spaceAppUITests.xctest; sourceTree = BUILT_PRODUCTS_DIR; };
		8F941DFA1D363A9E00C56ACE /* spaceAppUITests.swift */ = {isa = PBXFileReference; lastKnownFileType = sourcecode.swift; path = spaceAppUITests.swift; sourceTree = "<group>"; };
		8F941DFC1D363A9E00C56ACE /* Info.plist */ = {isa = PBXFileReference; lastKnownFileType = text.plist.xml; path = Info.plist; sourceTree = "<group>"; };
		8F941E0C1D3739F800C56ACE /* ApodStore.swift */ = {isa = PBXFileReference; fileEncoding = 4; lastKnownFileType = sourcecode.swift; path = ApodStore.swift; sourceTree = "<group>"; };
		8F941E101D373DBD00C56ACE /* NetworkTool.swift */ = {isa = PBXFileReference; fileEncoding = 4; lastKnownFileType = sourcecode.swift; path = NetworkTool.swift; sourceTree = "<group>"; };
		8F941E121D373E4100C56ACE /* AlamofireTool.swift */ = {isa = PBXFileReference; fileEncoding = 4; lastKnownFileType = sourcecode.swift; path = AlamofireTool.swift; sourceTree = "<group>"; };
		8F941E141D3742C400C56ACE /* ApodData.swift */ = {isa = PBXFileReference; fileEncoding = 4; lastKnownFileType = sourcecode.swift; path = ApodData.swift; sourceTree = "<group>"; };
		8F941E161D3743F300C56ACE /* NetworkApodStore.swift */ = {isa = PBXFileReference; fileEncoding = 4; lastKnownFileType = sourcecode.swift; path = NetworkApodStore.swift; sourceTree = "<group>"; };
		8F941E181D37486300C56ACE /* NetworkApodStoreTests.swift */ = {isa = PBXFileReference; fileEncoding = 4; lastKnownFileType = sourcecode.swift; name = NetworkApodStoreTests.swift; path = spaceAppTests/NetworkApodStoreTests.swift; sourceTree = SOURCE_ROOT; };
		8F9D06B21D4E9968003C7127 /* AlamofirePictureDownloader.swift */ = {isa = PBXFileReference; fileEncoding = 4; lastKnownFileType = sourcecode.swift; path = AlamofirePictureDownloader.swift; sourceTree = "<group>"; };
		8F9D06B41D4EB8F5003C7127 /* PictureDownloader.swift */ = {isa = PBXFileReference; fileEncoding = 4; lastKnownFileType = sourcecode.swift; path = PictureDownloader.swift; sourceTree = "<group>"; };
		8FAD05091D408EE300E92486 /* Alamofire.framework */ = {isa = PBXFileReference; explicitFileType = wrapper.framework; name = Alamofire.framework; path = "/Users/yoann/Library/Developer/Xcode/DerivedData/spaceApp-cvfjiopmfxavzfcbnqypywvblowr/Build/Products/Debug-iphoneos/Alamofire.framework"; sourceTree = "<absolute>"; };
		8FB294871D3B29B400E6C7A3 /* ApodConfigurator.swift */ = {isa = PBXFileReference; fileEncoding = 4; lastKnownFileType = sourcecode.swift; name = ApodConfigurator.swift; path = ApodScene/ApodConfigurator.swift; sourceTree = "<group>"; };
		8FB294881D3B29B400E6C7A3 /* ApodInteractor.swift */ = {isa = PBXFileReference; fileEncoding = 4; lastKnownFileType = sourcecode.swift; name = ApodInteractor.swift; path = ApodScene/ApodInteractor.swift; sourceTree = "<group>"; };
		8FB294891D3B29B400E6C7A3 /* ApodModels.swift */ = {isa = PBXFileReference; fileEncoding = 4; lastKnownFileType = sourcecode.swift; name = ApodModels.swift; path = ApodScene/ApodModels.swift; sourceTree = "<group>"; };
		8FB2948A1D3B29B400E6C7A3 /* ApodPresenter.swift */ = {isa = PBXFileReference; fileEncoding = 4; lastKnownFileType = sourcecode.swift; name = ApodPresenter.swift; path = ApodScene/ApodPresenter.swift; sourceTree = "<group>"; };
		8FB2948B1D3B29B400E6C7A3 /* ApodRouter.swift */ = {isa = PBXFileReference; fileEncoding = 4; lastKnownFileType = sourcecode.swift; name = ApodRouter.swift; path = ApodScene/ApodRouter.swift; sourceTree = "<group>"; };
		8FB2948C1D3B29B400E6C7A3 /* ApodViewController.swift */ = {isa = PBXFileReference; fileEncoding = 4; lastKnownFileType = sourcecode.swift; name = ApodViewController.swift; path = ApodScene/ApodViewController.swift; sourceTree = "<group>"; };
		8FB2948D1D3B29B400E6C7A3 /* ApodWorker.swift */ = {isa = PBXFileReference; fileEncoding = 4; lastKnownFileType = sourcecode.swift; name = ApodWorker.swift; path = ApodScene/ApodWorker.swift; sourceTree = "<group>"; };
		8FB294961D3B29EE00E6C7A3 /* ApodInteractorTests.swift */ = {isa = PBXFileReference; fileEncoding = 4; lastKnownFileType = sourcecode.swift; name = ApodInteractorTests.swift; path = Apod/ApodInteractorTests.swift; sourceTree = "<group>"; };
		8FB294971D3B29EE00E6C7A3 /* ApodPresenterTests.swift */ = {isa = PBXFileReference; fileEncoding = 4; lastKnownFileType = sourcecode.swift; name = ApodPresenterTests.swift; path = Apod/ApodPresenterTests.swift; sourceTree = "<group>"; };
		8FB294981D3B29EE00E6C7A3 /* ApodViewControllerTests.swift */ = {isa = PBXFileReference; fileEncoding = 4; lastKnownFileType = sourcecode.swift; name = ApodViewControllerTests.swift; path = Apod/ApodViewControllerTests.swift; sourceTree = "<group>"; };
		8FB294991D3B29EE00E6C7A3 /* ApodWorkerTests.swift */ = {isa = PBXFileReference; fileEncoding = 4; lastKnownFileType = sourcecode.swift; name = ApodWorkerTests.swift; path = Apod/ApodWorkerTests.swift; sourceTree = "<group>"; };
		8FD5D2B01D3B755B007A5F3D /* ApodInitializer.swift */ = {isa = PBXFileReference; fileEncoding = 4; lastKnownFileType = sourcecode.swift; path = ApodInitializer.swift; sourceTree = "<group>"; };
		8FD5D2B41D3B7701007A5F3D /* Initializer.swift */ = {isa = PBXFileReference; fileEncoding = 4; lastKnownFileType = sourcecode.swift; path = Initializer.swift; sourceTree = "<group>"; };
		CBD0D5BB1DA7986200C2D353 /* Alamofire.framework */ = {isa = PBXFileReference; explicitFileType = wrapper.framework; path = Alamofire.framework; sourceTree = BUILT_PRODUCTS_DIR; };
		CBDEEF591DACD66A00F8B438 /* Alamofire.framework */ = {isa = PBXFileReference; lastKnownFileType = wrapper.framework; name = Alamofire.framework; path = "../../../../Library/Developer/Xcode/DerivedData/spaceApp-bijczyntzrlgaxdlfzfuzoxuicos/Build/Products/Debug-iphonesimulator/Alamofire.framework"; sourceTree = "<group>"; };
/* End PBXFileReference section */

/* Begin PBXFrameworksBuildPhase section */
		8F941DD11D363A9E00C56ACE /* Frameworks */ = {
			isa = PBXFrameworksBuildPhase;
			buildActionMask = 2147483647;
			files = (
				CBD0D5BC1DA7986200C2D353 /* Alamofire.framework in Frameworks */,
			);
			runOnlyForDeploymentPostprocessing = 0;
		};
		8F941DE81D363A9E00C56ACE /* Frameworks */ = {
			isa = PBXFrameworksBuildPhase;
			buildActionMask = 2147483647;
			files = (
				CBDEEF5B1DACDE4800F8B438 /* Alamofire.framework in Frameworks */,
			);
			runOnlyForDeploymentPostprocessing = 0;
		};
		8F941DF31D363A9E00C56ACE /* Frameworks */ = {
			isa = PBXFrameworksBuildPhase;
			buildActionMask = 2147483647;
			files = (
			);
			runOnlyForDeploymentPostprocessing = 0;
		};
/* End PBXFrameworksBuildPhase section */

/* Begin PBXGroup section */
		8F941DCB1D363A9E00C56ACE = {
			isa = PBXGroup;
			children = (
				CBD0D5BB1DA7986200C2D353 /* Alamofire.framework */,
				8FAD05091D408EE300E92486 /* Alamofire.framework */,
				8F941DD61D363A9E00C56ACE /* spaceApp */,
				8F941DEE1D363A9E00C56ACE /* spaceAppTests */,
				8F941DF91D363A9E00C56ACE /* spaceAppUITests */,
				8F941DD51D363A9E00C56ACE /* Products */,
				CBDEEF581DACD66A00F8B438 /* Frameworks */,
			);
			sourceTree = "<group>";
		};
		8F941DD51D363A9E00C56ACE /* Products */ = {
			isa = PBXGroup;
			children = (
				8F941DD41D363A9E00C56ACE /* spaceApp.app */,
				8F941DEB1D363A9E00C56ACE /* spaceAppTests.xctest */,
				8F941DF61D363A9E00C56ACE /* spaceAppUITests.xctest */,
			);
			name = Products;
			sourceTree = "<group>";
		};
		8F941DD61D363A9E00C56ACE /* spaceApp */ = {
			isa = PBXGroup;
			children = (
				8F941E161D3743F300C56ACE /* NetworkApodStore.swift */,
				8F43874E1D39E69800E21C3F /* JSonToApodConvertor.swift */,
				8F766AAB1D39FE020024442F /* ApodDateConvertor.swift */,
				8F941E101D373DBD00C56ACE /* NetworkTool.swift */,
				8FD5D2B41D3B7701007A5F3D /* Initializer.swift */,
				8FD5D2B01D3B755B007A5F3D /* ApodInitializer.swift */,
				8F4387481D38D2EB00E21C3F /* DataToApodDataConverter.swift */,
				8FA69B991D61ACCB00BEF38A /* Alamofire */,
				8F941E0C1D3739F800C56ACE /* ApodStore.swift */,
				8F941E141D3742C400C56ACE /* ApodData.swift */,
				8F1CD6501D488661000AEF2F /* RandomDateGenerator.swift */,
				8F941DD71D363A9E00C56ACE /* AppDelegate.swift */,
				8F9D06B41D4EB8F5003C7127 /* PictureDownloader.swift */,
				8FB294951D3B29BE00E6C7A3 /* ApodScene */,
				8F941DDB1D363A9E00C56ACE /* Main.storyboard */,
				8F941DE11D363A9E00C56ACE /* Assets.xcassets */,
				8F941DE31D363A9E00C56ACE /* LaunchScreen.storyboard */,
				8F941DE61D363A9E00C56ACE /* Info.plist */,
				8F941DDE1D363A9E00C56ACE /* spaceApp.xcdatamodeld */,
			);
			path = spaceApp;
			sourceTree = "<group>";
		};
		8F941DEE1D363A9E00C56ACE /* spaceAppTests */ = {
			isa = PBXGroup;
			children = (
				8F43874C1D39E24100E21C3F /* JsonToApodConvertorTests.swift */,
				8F941E181D37486300C56ACE /* NetworkApodStoreTests.swift */,
				8FB2949E1D3B29F200E6C7A3 /* ApodScene */,
				8F766AAD1D39FE1B0024442F /* ApodDateConvertorTests.swift */,
				8F941DF11D363A9E00C56ACE /* Info.plist */,
				8F1CD6521D4886B7000AEF2F /* RandomDateGeneratorTests.swift */,
			);
			path = spaceAppTests;
			sourceTree = "<group>";
		};
		8F941DF91D363A9E00C56ACE /* spaceAppUITests */ = {
			isa = PBXGroup;
			children = (
				8F941DFA1D363A9E00C56ACE /* spaceAppUITests.swift */,
				8F941DFC1D363A9E00C56ACE /* Info.plist */,
			);
			path = spaceAppUITests;
			sourceTree = "<group>";
		};
		8FA69B991D61ACCB00BEF38A /* Alamofire */ = {
			isa = PBXGroup;
			children = (
				8F941E121D373E4100C56ACE /* AlamofireTool.swift */,
				8F9D06B21D4E9968003C7127 /* AlamofirePictureDownloader.swift */,
			);
			name = Alamofire;
			sourceTree = "<group>";
		};
		8FB294951D3B29BE00E6C7A3 /* ApodScene */ = {
			isa = PBXGroup;
			children = (
				8FB294871D3B29B400E6C7A3 /* ApodConfigurator.swift */,
				8FB294881D3B29B400E6C7A3 /* ApodInteractor.swift */,
				8FB294891D3B29B400E6C7A3 /* ApodModels.swift */,
				8FB2948A1D3B29B400E6C7A3 /* ApodPresenter.swift */,
				8FB2948B1D3B29B400E6C7A3 /* ApodRouter.swift */,
				8FB2948C1D3B29B400E6C7A3 /* ApodViewController.swift */,
				8F0149011D5332D200466851 /* PictureDownloadWorker.swift */,
				8FB2948D1D3B29B400E6C7A3 /* ApodWorker.swift */,
			);
			name = ApodScene;
			sourceTree = "<group>";
		};
		8FB2949E1D3B29F200E6C7A3 /* ApodScene */ = {
			isa = PBXGroup;
			children = (
				8FB294961D3B29EE00E6C7A3 /* ApodInteractorTests.swift */,
				8FB294971D3B29EE00E6C7A3 /* ApodPresenterTests.swift */,
				8FB294981D3B29EE00E6C7A3 /* ApodViewControllerTests.swift */,
				8F0149031D53335300466851 /* PictureDownloadWorkerTests.swift */,
				8FB294991D3B29EE00E6C7A3 /* ApodWorkerTests.swift */,
			);
			name = ApodScene;
			sourceTree = "<group>";
		};
		CBDEEF581DACD66A00F8B438 /* Frameworks */ = {
			isa = PBXGroup;
			children = (
				CBDEEF591DACD66A00F8B438 /* Alamofire.framework */,
			);
			name = Frameworks;
			sourceTree = "<group>";
		};
/* End PBXGroup section */

/* Begin PBXNativeTarget section */
		8F941DD31D363A9E00C56ACE /* spaceApp */ = {
			isa = PBXNativeTarget;
			buildConfigurationList = 8F941DFF1D363A9E00C56ACE /* Build configuration list for PBXNativeTarget "spaceApp" */;
			buildPhases = (
				8F941DD01D363A9E00C56ACE /* Sources */,
				8F941DD11D363A9E00C56ACE /* Frameworks */,
				8F941DD21D363A9E00C56ACE /* Resources */,
				8F6D54DF1D4079720018773D /* ShellScript */,
				CBD0D5BE1DA7986300C2D353 /* Embed Frameworks */,
			);
			buildRules = (
			);
			dependencies = (
			);
			name = spaceApp;
			productName = spaceApp;
			productReference = 8F941DD41D363A9E00C56ACE /* spaceApp.app */;
			productType = "com.apple.product-type.application";
		};
		8F941DEA1D363A9E00C56ACE /* spaceAppTests */ = {
			isa = PBXNativeTarget;
			buildConfigurationList = 8F941E021D363A9E00C56ACE /* Build configuration list for PBXNativeTarget "spaceAppTests" */;
			buildPhases = (
				8F941DE71D363A9E00C56ACE /* Sources */,
				8F941DE81D363A9E00C56ACE /* Frameworks */,
				8F941DE91D363A9E00C56ACE /* Resources */,
			);
			buildRules = (
			);
			dependencies = (
				8F941DED1D363A9E00C56ACE /* PBXTargetDependency */,
			);
			name = spaceAppTests;
			productName = spaceAppTests;
			productReference = 8F941DEB1D363A9E00C56ACE /* spaceAppTests.xctest */;
			productType = "com.apple.product-type.bundle.unit-test";
		};
		8F941DF51D363A9E00C56ACE /* spaceAppUITests */ = {
			isa = PBXNativeTarget;
			buildConfigurationList = 8F941E051D363A9E00C56ACE /* Build configuration list for PBXNativeTarget "spaceAppUITests" */;
			buildPhases = (
				8F941DF21D363A9E00C56ACE /* Sources */,
				8F941DF31D363A9E00C56ACE /* Frameworks */,
				8F941DF41D363A9E00C56ACE /* Resources */,
			);
			buildRules = (
			);
			dependencies = (
				8F941DF81D363A9E00C56ACE /* PBXTargetDependency */,
			);
			name = spaceAppUITests;
			productName = spaceAppUITests;
			productReference = 8F941DF61D363A9E00C56ACE /* spaceAppUITests.xctest */;
			productType = "com.apple.product-type.bundle.ui-testing";
		};
/* End PBXNativeTarget section */

/* Begin PBXProject section */
		8F941DCC1D363A9E00C56ACE /* Project object */ = {
			isa = PBXProject;
			attributes = {
				LastSwiftUpdateCheck = 0800;
				LastUpgradeCheck = 0800;
				ORGANIZATIONNAME = YoannColdefy;
				TargetAttributes = {
					8F941DD31D363A9E00C56ACE = {
						CreatedOnToolsVersion = 8.0;
						DevelopmentTeam = LQPRVC3QHT;
						DevelopmentTeamName = "Yoann Coldefy";
						ProvisioningStyle = Automatic;
					};
					8F941DEA1D363A9E00C56ACE = {
						CreatedOnToolsVersion = 8.0;
						DevelopmentTeam = LQPRVC3QHT;
						DevelopmentTeamName = "Yoann Coldefy";
						ProvisioningStyle = Automatic;
						TestTargetID = 8F941DD31D363A9E00C56ACE;
					};
					8F941DF51D363A9E00C56ACE = {
						CreatedOnToolsVersion = 8.0;
						DevelopmentTeam = LQPRVC3QHT;
						DevelopmentTeamName = "Yoann Coldefy";
						ProvisioningStyle = Automatic;
						TestTargetID = 8F941DD31D363A9E00C56ACE;
					};
				};
			};
			buildConfigurationList = 8F941DCF1D363A9E00C56ACE /* Build configuration list for PBXProject "spaceApp" */;
			compatibilityVersion = "Xcode 3.2";
			developmentRegion = English;
			hasScannedForEncodings = 0;
			knownRegions = (
				en,
				Base,
			);
			mainGroup = 8F941DCB1D363A9E00C56ACE;
			productRefGroup = 8F941DD51D363A9E00C56ACE /* Products */;
			projectDirPath = "";
			projectRoot = "";
			targets = (
				8F941DD31D363A9E00C56ACE /* spaceApp */,
				8F941DEA1D363A9E00C56ACE /* spaceAppTests */,
				8F941DF51D363A9E00C56ACE /* spaceAppUITests */,
			);
		};
/* End PBXProject section */

/* Begin PBXResourcesBuildPhase section */
		8F941DD21D363A9E00C56ACE /* Resources */ = {
			isa = PBXResourcesBuildPhase;
			buildActionMask = 2147483647;
			files = (
				8F941DE51D363A9E00C56ACE /* LaunchScreen.storyboard in Resources */,
				8F941DE21D363A9E00C56ACE /* Assets.xcassets in Resources */,
				8F941DDD1D363A9E00C56ACE /* Main.storyboard in Resources */,
			);
			runOnlyForDeploymentPostprocessing = 0;
		};
		8F941DE91D363A9E00C56ACE /* Resources */ = {
			isa = PBXResourcesBuildPhase;
			buildActionMask = 2147483647;
			files = (
			);
			runOnlyForDeploymentPostprocessing = 0;
		};
		8F941DF41D363A9E00C56ACE /* Resources */ = {
			isa = PBXResourcesBuildPhase;
			buildActionMask = 2147483647;
			files = (
			);
			runOnlyForDeploymentPostprocessing = 0;
		};
/* End PBXResourcesBuildPhase section */

/* Begin PBXShellScriptBuildPhase section */
		8F6D54DF1D4079720018773D /* ShellScript */ = {
			isa = PBXShellScriptBuildPhase;
			buildActionMask = 2147483647;
			files = (
			);
			inputPaths = (
			);
			outputPaths = (
			);
			runOnlyForDeploymentPostprocessing = 0;
			shellPath = /bin/sh;
			shellScript = "if which swiftlint >/dev/null; then\n  swiftlint\nelse\n  echo \"warning: SwiftLint not installed, download from https://github.com/realm/SwiftLint\"\nfi";
		};
/* End PBXShellScriptBuildPhase section */

/* Begin PBXSourcesBuildPhase section */
		8F941DD01D363A9E00C56ACE /* Sources */ = {
			isa = PBXSourcesBuildPhase;
			buildActionMask = 2147483647;
			files = (
				8F0149021D5332D200466851 /* PictureDownloadWorker.swift in Sources */,
				8FB294921D3B29B400E6C7A3 /* ApodRouter.swift in Sources */,
				8FB294901D3B29B400E6C7A3 /* ApodModels.swift in Sources */,
				8F941E111D373DBD00C56ACE /* NetworkTool.swift in Sources */,
				8FD5D2B51D3B7701007A5F3D /* Initializer.swift in Sources */,
				8F941DE01D363A9E00C56ACE /* spaceApp.xcdatamodeld in Sources */,
				8FB294941D3B29B400E6C7A3 /* ApodWorker.swift in Sources */,
				8F941E171D3743F300C56ACE /* NetworkApodStore.swift in Sources */,
				8FD5D2B11D3B755B007A5F3D /* ApodInitializer.swift in Sources */,
				8F766AAC1D39FE020024442F /* ApodDateConvertor.swift in Sources */,
				8FB294931D3B29B400E6C7A3 /* ApodViewController.swift in Sources */,
				8FB2948F1D3B29B400E6C7A3 /* ApodInteractor.swift in Sources */,
				8F941DD81D363A9E00C56ACE /* AppDelegate.swift in Sources */,
				8F941E0D1D3739F800C56ACE /* ApodStore.swift in Sources */,
				8F9D06B51D4EB8F5003C7127 /* PictureDownloader.swift in Sources */,
				8F941E131D373E4100C56ACE /* AlamofireTool.swift in Sources */,
				8FB2948E1D3B29B400E6C7A3 /* ApodConfigurator.swift in Sources */,
				8F9D06B31D4E9968003C7127 /* AlamofirePictureDownloader.swift in Sources */,
				8F43874F1D39E69800E21C3F /* JSonToApodConvertor.swift in Sources */,
				8FB294911D3B29B400E6C7A3 /* ApodPresenter.swift in Sources */,
				8F941E151D3742C400C56ACE /* ApodData.swift in Sources */,
				8F1CD6511D488661000AEF2F /* RandomDateGenerator.swift in Sources */,
				8F4387491D38D2EB00E21C3F /* DataToApodDataConverter.swift in Sources */,
			);
			runOnlyForDeploymentPostprocessing = 0;
		};
		8F941DE71D363A9E00C56ACE /* Sources */ = {
			isa = PBXSourcesBuildPhase;
			buildActionMask = 2147483647;
			files = (
				8FB2949D1D3B29EE00E6C7A3 /* ApodWorkerTests.swift in Sources */,
				8F0149041D53335300466851 /* PictureDownloadWorkerTests.swift in Sources */,
				8F766AAE1D39FE1B0024442F /* ApodDateConvertorTests.swift in Sources */,
				8F1CD6531D4886B7000AEF2F /* RandomDateGeneratorTests.swift in Sources */,
				8F941E191D37486300C56ACE /* NetworkApodStoreTests.swift in Sources */,
				8FB2949B1D3B29EE00E6C7A3 /* ApodPresenterTests.swift in Sources */,
				8FB2949A1D3B29EE00E6C7A3 /* ApodInteractorTests.swift in Sources */,
				8FB2949C1D3B29EE00E6C7A3 /* ApodViewControllerTests.swift in Sources */,
				8F43874D1D39E24100E21C3F /* JsonToApodConvertorTests.swift in Sources */,
			);
			runOnlyForDeploymentPostprocessing = 0;
		};
		8F941DF21D363A9E00C56ACE /* Sources */ = {
			isa = PBXSourcesBuildPhase;
			buildActionMask = 2147483647;
			files = (
				8F941DFB1D363A9E00C56ACE /* spaceAppUITests.swift in Sources */,
			);
			runOnlyForDeploymentPostprocessing = 0;
		};
/* End PBXSourcesBuildPhase section */

/* Begin PBXTargetDependency section */
		8F941DED1D363A9E00C56ACE /* PBXTargetDependency */ = {
			isa = PBXTargetDependency;
			target = 8F941DD31D363A9E00C56ACE /* spaceApp */;
			targetProxy = 8F941DEC1D363A9E00C56ACE /* PBXContainerItemProxy */;
		};
		8F941DF81D363A9E00C56ACE /* PBXTargetDependency */ = {
			isa = PBXTargetDependency;
			target = 8F941DD31D363A9E00C56ACE /* spaceApp */;
			targetProxy = 8F941DF71D363A9E00C56ACE /* PBXContainerItemProxy */;
		};
/* End PBXTargetDependency section */

/* Begin PBXVariantGroup section */
		8F941DDB1D363A9E00C56ACE /* Main.storyboard */ = {
			isa = PBXVariantGroup;
			children = (
				8F941DDC1D363A9E00C56ACE /* Base */,
			);
			name = Main.storyboard;
			sourceTree = "<group>";
		};
		8F941DE31D363A9E00C56ACE /* LaunchScreen.storyboard */ = {
			isa = PBXVariantGroup;
			children = (
				8F941DE41D363A9E00C56ACE /* Base */,
			);
			name = LaunchScreen.storyboard;
			sourceTree = "<group>";
		};
/* End PBXVariantGroup section */

/* Begin XCBuildConfiguration section */
		8F941DFD1D363A9E00C56ACE /* Debug */ = {
			isa = XCBuildConfiguration;
			buildSettings = {
				ALWAYS_SEARCH_USER_PATHS = NO;
				CLANG_ANALYZER_NONNULL = YES;
				CLANG_CXX_LANGUAGE_STANDARD = "gnu++0x";
				CLANG_CXX_LIBRARY = "libc++";
				CLANG_ENABLE_MODULES = YES;
				CLANG_ENABLE_OBJC_ARC = YES;
				CLANG_WARN_BOOL_CONVERSION = YES;
				CLANG_WARN_CONSTANT_CONVERSION = YES;
				CLANG_WARN_DIRECT_OBJC_ISA_USAGE = YES_ERROR;
				CLANG_WARN_DOCUMENTATION_COMMENTS = YES;
				CLANG_WARN_EMPTY_BODY = YES;
				CLANG_WARN_ENUM_CONVERSION = YES;
				CLANG_WARN_INT_CONVERSION = YES;
				CLANG_WARN_OBJC_ROOT_CLASS = YES_ERROR;
				CLANG_WARN_UNREACHABLE_CODE = YES;
				CLANG_WARN__DUPLICATE_METHOD_MATCH = YES;
				"CODE_SIGN_IDENTITY[sdk=iphoneos*]" = "iPhone Developer";
				COPY_PHASE_STRIP = NO;
				DEBUG_INFORMATION_FORMAT = dwarf;
				ENABLE_STRICT_OBJC_MSGSEND = YES;
				ENABLE_TESTABILITY = YES;
				GCC_C_LANGUAGE_STANDARD = gnu99;
				GCC_DYNAMIC_NO_PIC = NO;
				GCC_NO_COMMON_BLOCKS = YES;
				GCC_OPTIMIZATION_LEVEL = 0;
				GCC_PREPROCESSOR_DEFINITIONS = (
					"DEBUG=1",
					"$(inherited)",
				);
				GCC_WARN_64_TO_32_BIT_CONVERSION = YES;
				GCC_WARN_ABOUT_RETURN_TYPE = YES_ERROR;
				GCC_WARN_UNDECLARED_SELECTOR = YES;
				GCC_WARN_UNINITIALIZED_AUTOS = YES_AGGRESSIVE;
				GCC_WARN_UNUSED_FUNCTION = YES;
				GCC_WARN_UNUSED_VARIABLE = YES;
				IPHONEOS_DEPLOYMENT_TARGET = 10.0;
				MTL_ENABLE_DEBUG_INFO = YES;
				ONLY_ACTIVE_ARCH = YES;
				SDKROOT = iphoneos;
				SWIFT_ACTIVE_COMPILATION_CONDITIONS = DEBUG;
				SWIFT_OPTIMIZATION_LEVEL = "-Onone";
				TARGETED_DEVICE_FAMILY = "1,2";
			};
			name = Debug;
		};
		8F941DFE1D363A9E00C56ACE /* Release */ = {
			isa = XCBuildConfiguration;
			buildSettings = {
				ALWAYS_SEARCH_USER_PATHS = NO;
				CLANG_ANALYZER_NONNULL = YES;
				CLANG_CXX_LANGUAGE_STANDARD = "gnu++0x";
				CLANG_CXX_LIBRARY = "libc++";
				CLANG_ENABLE_MODULES = YES;
				CLANG_ENABLE_OBJC_ARC = YES;
				CLANG_WARN_BOOL_CONVERSION = YES;
				CLANG_WARN_CONSTANT_CONVERSION = YES;
				CLANG_WARN_DIRECT_OBJC_ISA_USAGE = YES_ERROR;
				CLANG_WARN_DOCUMENTATION_COMMENTS = YES;
				CLANG_WARN_EMPTY_BODY = YES;
				CLANG_WARN_ENUM_CONVERSION = YES;
				CLANG_WARN_INT_CONVERSION = YES;
				CLANG_WARN_OBJC_ROOT_CLASS = YES_ERROR;
				CLANG_WARN_UNREACHABLE_CODE = YES;
				CLANG_WARN__DUPLICATE_METHOD_MATCH = YES;
				"CODE_SIGN_IDENTITY[sdk=iphoneos*]" = "iPhone Developer";
				COPY_PHASE_STRIP = NO;
				DEBUG_INFORMATION_FORMAT = "dwarf-with-dsym";
				ENABLE_NS_ASSERTIONS = NO;
				ENABLE_STRICT_OBJC_MSGSEND = YES;
				GCC_C_LANGUAGE_STANDARD = gnu99;
				GCC_NO_COMMON_BLOCKS = YES;
				GCC_WARN_64_TO_32_BIT_CONVERSION = YES;
				GCC_WARN_ABOUT_RETURN_TYPE = YES_ERROR;
				GCC_WARN_UNDECLARED_SELECTOR = YES;
				GCC_WARN_UNINITIALIZED_AUTOS = YES_AGGRESSIVE;
				GCC_WARN_UNUSED_FUNCTION = YES;
				GCC_WARN_UNUSED_VARIABLE = YES;
				IPHONEOS_DEPLOYMENT_TARGET = 10.0;
				MTL_ENABLE_DEBUG_INFO = NO;
				SDKROOT = iphoneos;
				SWIFT_OPTIMIZATION_LEVEL = "-Owholemodule";
				TARGETED_DEVICE_FAMILY = "1,2";
				VALIDATE_PRODUCT = YES;
			};
			name = Release;
		};
		8F941E001D363A9E00C56ACE /* Debug */ = {
			isa = XCBuildConfiguration;
			buildSettings = {
				ASSETCATALOG_COMPILER_APPICON_NAME = AppIcon;
				DEVELOPMENT_TEAM = LQPRVC3QHT;
				EMBED_ASSET_PACKS_IN_PRODUCT_BUNDLE = YES;
				INFOPLIST_FILE = spaceApp/Info.plist;
				IPHONEOS_DEPLOYMENT_TARGET = 10.0;
				LD_RUNPATH_SEARCH_PATHS = "$(inherited) @executable_path/Frameworks";
				PRODUCT_BUNDLE_IDENTIFIER = com.YoannColdefy.spaceApp;
				PRODUCT_NAME = "$(TARGET_NAME)";
				SWIFT_VERSION = 3.0;
			};
			name = Debug;
		};
		8F941E011D363A9E00C56ACE /* Release */ = {
			isa = XCBuildConfiguration;
			buildSettings = {
				ASSETCATALOG_COMPILER_APPICON_NAME = AppIcon;
				DEVELOPMENT_TEAM = LQPRVC3QHT;
				EMBED_ASSET_PACKS_IN_PRODUCT_BUNDLE = YES;
				INFOPLIST_FILE = spaceApp/Info.plist;
				IPHONEOS_DEPLOYMENT_TARGET = 10.0;
				LD_RUNPATH_SEARCH_PATHS = "$(inherited) @executable_path/Frameworks";
				PRODUCT_BUNDLE_IDENTIFIER = com.YoannColdefy.spaceApp;
				PRODUCT_NAME = "$(TARGET_NAME)";
				SWIFT_VERSION = 3.0;
			};
			name = Release;
		};
		8F941E031D363A9E00C56ACE /* Debug */ = {
			isa = XCBuildConfiguration;
			buildSettings = {
				BUNDLE_LOADER = "$(TEST_HOST)";
				GCC_GENERATE_TEST_COVERAGE_FILES = YES;
				INFOPLIST_FILE = spaceAppTests/Info.plist;
				LD_RUNPATH_SEARCH_PATHS = "$(inherited)";
				"LD_RUNPATH_SEARCH_PATHS[arch=*]" = "$(inherited) @executable_path/Frameworks @loader_path/Frameworks";
				PRODUCT_BUNDLE_IDENTIFIER = com.YoannColdefy.spaceAppTests;
				PRODUCT_NAME = "$(TARGET_NAME)";
				SWIFT_VERSION = 3.0;
				TEST_HOST = "$(BUILT_PRODUCTS_DIR)/spaceApp.app/spaceApp";
			};
			name = Debug;
		};
		8F941E041D363A9E00C56ACE /* Release */ = {
			isa = XCBuildConfiguration;
			buildSettings = {
				BUNDLE_LOADER = "$(TEST_HOST)";
				GCC_GENERATE_TEST_COVERAGE_FILES = YES;
				INFOPLIST_FILE = spaceAppTests/Info.plist;
				LD_RUNPATH_SEARCH_PATHS = "$(inherited)";
				PRODUCT_BUNDLE_IDENTIFIER = com.YoannColdefy.spaceAppTests;
				PRODUCT_NAME = "$(TARGET_NAME)";
				SWIFT_VERSION = 3.0;
				TEST_HOST = "$(BUILT_PRODUCTS_DIR)/spaceApp.app/spaceApp";
			};
			name = Release;
		};
		8F941E061D363A9E00C56ACE /* Debug */ = {
			isa = XCBuildConfiguration;
			buildSettings = {
				INFOPLIST_FILE = spaceAppUITests/Info.plist;
				LD_RUNPATH_SEARCH_PATHS = "$(inherited) @executable_path/Frameworks @loader_path/Frameworks";
				PRODUCT_BUNDLE_IDENTIFIER = com.YoannColdefy.spaceAppUITests;
				PRODUCT_NAME = "$(TARGET_NAME)";
				SWIFT_VERSION = 3.0;
				TEST_TARGET_NAME = spaceApp;
			};
			name = Debug;
		};
		8F941E071D363A9E00C56ACE /* Release */ = {
			isa = XCBuildConfiguration;
			buildSettings = {
				INFOPLIST_FILE = spaceAppUITests/Info.plist;
				LD_RUNPATH_SEARCH_PATHS = "$(inherited) @executable_path/Frameworks @loader_path/Frameworks";
				PRODUCT_BUNDLE_IDENTIFIER = com.YoannColdefy.spaceAppUITests;
				PRODUCT_NAME = "$(TARGET_NAME)";
				SWIFT_VERSION = 3.0;
				TEST_TARGET_NAME = spaceApp;
			};
			name = Release;
		};
/* End XCBuildConfiguration section */

/* Begin XCConfigurationList section */
		8F941DCF1D363A9E00C56ACE /* Build configuration list for PBXProject "spaceApp" */ = {
			isa = XCConfigurationList;
			buildConfigurations = (
				8F941DFD1D363A9E00C56ACE /* Debug */,
				8F941DFE1D363A9E00C56ACE /* Release */,
			);
			defaultConfigurationIsVisible = 0;
			defaultConfigurationName = Release;
		};
		8F941DFF1D363A9E00C56ACE /* Build configuration list for PBXNativeTarget "spaceApp" */ = {
			isa = XCConfigurationList;
			buildConfigurations = (
				8F941E001D363A9E00C56ACE /* Debug */,
				8F941E011D363A9E00C56ACE /* Release */,
			);
			defaultConfigurationIsVisible = 0;
			defaultConfigurationName = Release;
		};
		8F941E021D363A9E00C56ACE /* Build configuration list for PBXNativeTarget "spaceAppTests" */ = {
			isa = XCConfigurationList;
			buildConfigurations = (
				8F941E031D363A9E00C56ACE /* Debug */,
				8F941E041D363A9E00C56ACE /* Release */,
			);
			defaultConfigurationIsVisible = 0;
			defaultConfigurationName = Release;
		};
		8F941E051D363A9E00C56ACE /* Build configuration list for PBXNativeTarget "spaceAppUITests" */ = {
			isa = XCConfigurationList;
			buildConfigurations = (
				8F941E061D363A9E00C56ACE /* Debug */,
				8F941E071D363A9E00C56ACE /* Release */,
			);
			defaultConfigurationIsVisible = 0;
			defaultConfigurationName = Release;
		};
/* End XCConfigurationList section */

/* Begin XCVersionGroup section */
		8F941DDE1D363A9E00C56ACE /* spaceApp.xcdatamodeld */ = {
			isa = XCVersionGroup;
			children = (
				8F941DDF1D363A9E00C56ACE /* spaceApp.xcdatamodel */,
			);
			currentVersion = 8F941DDF1D363A9E00C56ACE /* spaceApp.xcdatamodel */;
			path = spaceApp.xcdatamodeld;
			sourceTree = "<group>";
			versionGroupType = wrapper.xcdatamodel;
		};
/* End XCVersionGroup section */
	};
	rootObject = 8F941DCC1D363A9E00C56ACE /* Project object */;
}
